
Microsoft Visual Studio Solution File, Format Version 12.00
# Visual Studio 15
VisualStudioVersion = 15.0.28010.2026
MinimumVisualStudioVersion = 10.0.40219.1
Project("{FAE04EC0-301F-11D3-BF4B-00C04F79EFBC}") = "AddImageSlideShowUsingSlideShowAndCSharp", "AddImageSlideShowUsingSlideShowAndCSharp\AddImageSlideShowUsingSlideShowAndCSharp.csproj", "{8F5E7CE9-C462-4DE9-8809-7CB7FEB5DF66}"
EndProject
Project("{FAE04EC0-301F-11D3-BF4B-00C04F79EFBC}") = "UploadAndDownloadFile", "UploadAndDownloadFile\UploadAndDownloadFile.csproj", "{35D430A8-9CB9-4D37-B0AD-E2058F21DBC5}"
EndProject
Project("{FAE04EC0-301F-11D3-BF4B-00C04F79EFBC}") = "ImageGallery", "ImageGallery\ImageGallery.csproj", "{F600A4B7-88F9-4DE2-8590-328E2AFE4863}"
EndProject
Project("{FAE04EC0-301F-11D3-BF4B-00C04F79EFBC}") = "ContactUs", "ContactUs\ContactUs.csproj", "{70421B06-489A-4439-B319-0A201F98D009}"
EndProject
Project("{FAE04EC0-301F-11D3-BF4B-00C04F79EFBC}") = "ImplementingAutocompleteTextbox", "ImplementingAutocompleteTextbox\ImplementingAutocompleteTextbox.csproj", "{7B59F3CF-BF9B-4D3B-9E87-9E06CAD1605B}"
EndProject
Project("{FAE04EC0-301F-11D3-BF4B-00C04F79EFBC}") = "PassingDataFromContentPageToMasterPage", "PassingDataFromContentPageToMasterPage\PassingDataFromContentPageToMasterPage.csproj", "{E183C756-C28C-47DB-98A8-AACE52DF2306}"
EndProject
Project("{FAE04EC0-301F-11D3-BF4B-00C04F79EFBC}") = "AssigningAMasterPageDynamically", "AssigningAMasterPageDynamically\AssigningAMasterPageDynamically.csproj", "{AA7F1C2F-8A33-4DB1-B8F1-76C76D5579D1}"
EndProject
Global
	GlobalSection(SolutionConfigurationPlatforms) = preSolution
		Debug|Any CPU = Debug|Any CPU
		Release|Any CPU = Release|Any CPU
	EndGlobalSection
	GlobalSection(ProjectConfigurationPlatforms) = postSolution
		{8F5E7CE9-C462-4DE9-8809-7CB7FEB5DF66}.Debug|Any CPU.ActiveCfg = Debug|Any CPU
		{8F5E7CE9-C462-4DE9-8809-7CB7FEB5DF66}.Debug|Any CPU.Build.0 = Debug|Any CPU
		{8F5E7CE9-C462-4DE9-8809-7CB7FEB5DF66}.Release|Any CPU.ActiveCfg = Release|Any CPU
		{8F5E7CE9-C462-4DE9-8809-7CB7FEB5DF66}.Release|Any CPU.Build.0 = Release|Any CPU
		{35D430A8-9CB9-4D37-B0AD-E2058F21DBC5}.Debug|Any CPU.ActiveCfg = Debug|Any CPU
		{35D430A8-9CB9-4D37-B0AD-E2058F21DBC5}.Debug|Any CPU.Build.0 = Debug|Any CPU
		{35D430A8-9CB9-4D37-B0AD-E2058F21DBC5}.Release|Any CPU.ActiveCfg = Release|Any CPU
		{35D430A8-9CB9-4D37-B0AD-E2058F21DBC5}.Release|Any CPU.Build.0 = Release|Any CPU
		{F600A4B7-88F9-4DE2-8590-328E2AFE4863}.Debug|Any CPU.ActiveCfg = Debug|Any CPU
		{F600A4B7-88F9-4DE2-8590-328E2AFE4863}.Debug|Any CPU.Build.0 = Debug|Any CPU
		{F600A4B7-88F9-4DE2-8590-328E2AFE4863}.Release|Any CPU.ActiveCfg = Release|Any CPU
		{F600A4B7-88F9-4DE2-8590-328E2AFE4863}.Release|Any CPU.Build.0 = Release|Any CPU
		{70421B06-489A-4439-B319-0A201F98D009}.Debug|Any CPU.ActiveCfg = Debug|Any CPU
		{70421B06-489A-4439-B319-0A201F98D009}.Debug|Any CPU.Build.0 = Debug|Any CPU
		{70421B06-489A-4439-B319-0A201F98D009}.Release|Any CPU.ActiveCfg = Release|Any CPU
		{70421B06-489A-4439-B319-0A201F98D009}.Release|Any CPU.Build.0 = Release|Any CPU
		{7B59F3CF-BF9B-4D3B-9E87-9E06CAD1605B}.Debug|Any CPU.ActiveCfg = Debug|Any CPU
		{7B59F3CF-BF9B-4D3B-9E87-9E06CAD1605B}.Debug|Any CPU.Build.0 = Debug|Any CPU
		{7B59F3CF-BF9B-4D3B-9E87-9E06CAD1605B}.Release|Any CPU.ActiveCfg = Release|Any CPU
		{7B59F3CF-BF9B-4D3B-9E87-9E06CAD1605B}.Release|Any CPU.Build.0 = Release|Any CPU
		{E183C756-C28C-47DB-98A8-AACE52DF2306}.Debug|Any CPU.ActiveCfg = Debug|Any CPU
		{E183C756-C28C-47DB-98A8-AACE52DF2306}.Debug|Any CPU.Build.0 = Debug|Any CPU
		{E183C756-C28C-47DB-98A8-AACE52DF2306}.Release|Any CPU.ActiveCfg = Release|Any CPU
		{E183C756-C28C-47DB-98A8-AACE52DF2306}.Release|Any CPU.Build.0 = Release|Any CPU
		{AA7F1C2F-8A33-4DB1-B8F1-76C76D5579D1}.Debug|Any CPU.ActiveCfg = Debug|Any CPU
		{AA7F1C2F-8A33-4DB1-B8F1-76C76D5579D1}.Debug|Any CPU.Build.0 = Debug|Any CPU
		{AA7F1C2F-8A33-4DB1-B8F1-76C76D5579D1}.Release|Any CPU.ActiveCfg = Release|Any CPU
		{AA7F1C2F-8A33-4DB1-B8F1-76C76D5579D1}.Release|Any CPU.Build.0 = Release|Any CPU
	EndGlobalSection
	GlobalSection(SolutionProperties) = preSolution
		HideSolutionNode = FALSE
	EndGlobalSection
	GlobalSection(ExtensibilityGlobals) = postSolution
		SolutionGuid = {559852FE-68D4-4F0B-B750-96F0BC0684AB}
	EndGlobalSection
EndGlobal
